// !$*UTF8*$!
{
	archiveVersion = 1;
	classes = {
	};
	objectVersion = 77;
	objects = {

/* Begin PBXContainerItemProxy section */
		D00BE9162E846EC40051319C /* PBXContainerItemProxy */ = {
			isa = PBXContainerItemProxy;
			containerPortal = D00BE9002E846EC30051319C /* Project object */;
			proxyType = 1;
			remoteGlobalIDString = D00BE9072E846EC30051319C;
			remoteInfo = IndoorSense;
		};
		D00BE9202E846EC40051319C /* PBXContainerItemProxy */ = {
			isa = PBXContainerItemProxy;
			containerPortal = D00BE9002E846EC30051319C /* Project object */;
			proxyType = 1;
			remoteGlobalIDString = D00BE9072E846EC30051319C;
			remoteInfo = IndoorSense;
		};
/* End PBXContainerItemProxy section */

/* Begin PBXFileReference section */
		D00BE9082E846EC30051319C /* IndoorSense.app */ = {isa = PBXFileReference; explicitFileType = wrapper.application; includeInIndex = 0; path = IndoorSense.app; sourceTree = BUILT_PRODUCTS_DIR; };
		D00BE9152E846EC40051319C /* IndoorSenseTests.xctest */ = {isa = PBXFileReference; explicitFileType = wrapper.cfbundle; includeInIndex = 0; path = IndoorSenseTests.xctest; sourceTree = BUILT_PRODUCTS_DIR; };
		D00BE91F2E846EC40051319C /* IndoorSenseUITests.xctest */ = {isa = PBXFileReference; explicitFileType = wrapper.cfbundle; includeInIndex = 0; path = IndoorSenseUITests.xctest; sourceTree = BUILT_PRODUCTS_DIR; };
/* End PBXFileReference section */

/* Begin PBXFileSystemSynchronizedBuildFileExceptionSet section */
		D00BE9502E847A340051319C /* Exceptions for "IndoorSense" folder in "IndoorSenseTests" target */ = {
			isa = PBXFileSystemSynchronizedBuildFileExceptionSet;
			membershipExceptions = (
				Tests/IndoorSenseTests/AccessibilityTests.swift,
				Tests/IndoorSenseTests/HitTestingTests.swift,
				Tests/IndoorSenseTests/JSONParsingTests.swift,
			);
			target = D00BE9142E846EC40051319C /* IndoorSenseTests */;
		};
		D00BE9512E847A360051319C /* Exceptions for "IndoorSense" folder in "IndoorSense" target */ = {
			isa = PBXFileSystemSynchronizedBuildFileExceptionSet;
			membershipExceptions = (
				Tests/IndoorSenseTests/AccessibilityTests.swift,
				Tests/IndoorSenseTests/HitTestingTests.swift,
				Tests/IndoorSenseTests/JSONParsingTests.swift,
			);
			target = D00BE9072E846EC30051319C /* IndoorSense */;
		};
/* End PBXFileSystemSynchronizedBuildFileExceptionSet section */

/* Begin PBXFileSystemSynchronizedRootGroup section */
		D00BE90A2E846EC30051319C /* IndoorSense */ = {
			isa = PBXFileSystemSynchronizedRootGroup;
			exceptions = (
				D00BE9512E847A360051319C /* Exceptions for "IndoorSense" folder in "IndoorSense" target */,
				D00BE9502E847A340051319C /* Exceptions for "IndoorSense" folder in "IndoorSenseTests" target */,
			);
			path = IndoorSense;
			sourceTree = "<group>";
		};
		D00BE9182E846EC40051319C /* IndoorSenseTests */ = {
			isa = PBXFileSystemSynchronizedRootGroup;
			path = IndoorSenseTests;
			sourceTree = "<group>";
		};
		D00BE9222E846EC40051319C /* IndoorSenseUITests */ = {
			isa = PBXFileSystemSynchronizedRootGroup;
			path = IndoorSenseUITests;
			sourceTree = "<group>";
		};
/* End PBXFileSystemSynchronizedRootGroup section */

/* Begin PBXFrameworksBuildPhase section */
		D00BE9052E846EC30051319C /* Frameworks */ = {
			isa = PBXFrameworksBuildPhase;
			buildActionMask = 2147483647;
			files = (
			);
			runOnlyForDeploymentPostprocessing = 0;
		};
		D00BE9122E846EC40051319C /* Frameworks */ = {
			isa = PBXFrameworksBuildPhase;
			buildActionMask = 2147483647;
			files = (
			);
			runOnlyForDeploymentPostprocessing = 0;
		};
		D00BE91C2E846EC40051319C /* Frameworks */ = {
			isa = PBXFrameworksBuildPhase;
			buildActionMask = 2147483647;
			files = (
			);
			runOnlyForDeploymentPostprocessing = 0;
		};
/* End PBXFrameworksBuildPhase section */

/* Begin PBXGroup section */
		D00BE8FF2E846EC30051319C = {
			isa = PBXGroup;
			children = (
				D00BE90A2E846EC30051319C /* IndoorSense */,
				D00BE9182E846EC40051319C /* IndoorSenseTests */,
				D00BE9222E846EC40051319C /* IndoorSenseUITests */,
				D00BE9092E846EC30051319C /* Products */,
			);
			sourceTree = "<group>";
		};
		D00BE9092E846EC30051319C /* Products */ = {
			isa = PBXGroup;
			children = (
				D00BE9082E846EC30051319C /* IndoorSense.app */,
				D00BE9152E846EC40051319C /* IndoorSenseTests.xctest */,
				D00BE91F2E846EC40051319C /* IndoorSenseUITests.xctest */,
			);
			name = Products;
			sourceTree = "<group>";
		};
/* End PBXGroup section */

/* Begin PBXNativeTarget section */
		D00BE9072E846EC30051319C /* IndoorSense */ = {
			isa = PBXNativeTarget;
			buildConfigurationList = D00BE9292E846EC40051319C /* Build configuration list for PBXNativeTarget "IndoorSense" */;
			buildPhases = (
				D00BE9042E846EC30051319C /* Sources */,
				D00BE9052E846EC30051319C /* Frameworks */,
				D00BE9062E846EC30051319C /* Resources */,
			);
			buildRules = (
			);
			dependencies = (
			);
			fileSystemSynchronizedGroups = (
				D00BE90A2E846EC30051319C /* IndoorSense */,
			);
			name = IndoorSense;
			packageProductDependencies = (
			);
			productName = IndoorSense;
			productReference = D00BE9082E846EC30051319C /* IndoorSense.app */;
			productType = "com.apple.product-type.application";
		};
		D00BE9142E846EC40051319C /* IndoorSenseTests */ = {
			isa = PBXNativeTarget;
			buildConfigurationList = D00BE92C2E846EC40051319C /* Build configuration list for PBXNativeTarget "IndoorSenseTests" */;
			buildPhases = (
				D00BE9112E846EC40051319C /* Sources */,
				D00BE9122E846EC40051319C /* Frameworks */,
				D00BE9132E846EC40051319C /* Resources */,
			);
			buildRules = (
			);
			dependencies = (
				D00BE9172E846EC40051319C /* PBXTargetDependency */,
			);
			fileSystemSynchronizedGroups = (
				D00BE9182E846EC40051319C /* IndoorSenseTests */,
			);
			name = IndoorSenseTests;
			packageProductDependencies = (
			);
			productName = IndoorSenseTests;
			productReference = D00BE9152E846EC40051319C /* IndoorSenseTests.xctest */;
			productType = "com.apple.product-type.bundle.unit-test";
		};
		D00BE91E2E846EC40051319C /* IndoorSenseUITests */ = {
			isa = PBXNativeTarget;
			buildConfigurationList = D00BE92F2E846EC40051319C /* Build configuration list for PBXNativeTarget "IndoorSenseUITests" */;
			buildPhases = (
				D00BE91B2E846EC40051319C /* Sources */,
				D00BE91C2E846EC40051319C /* Frameworks */,
				D00BE91D2E846EC40051319C /* Resources */,
			);
			buildRules = (
			);
			dependencies = (
				D00BE9212E846EC40051319C /* PBXTargetDependency */,
			);
			fileSystemSynchronizedGroups = (
				D00BE9222E846EC40051319C /* IndoorSenseUITests */,
			);
			name = IndoorSenseUITests;
			packageProductDependencies = (
			);
			productName = IndoorSenseUITests;
			productReference = D00BE91F2E846EC40051319C /* IndoorSenseUITests.xctest */;
			productType = "com.apple.product-type.bundle.ui-testing";
		};
/* End PBXNativeTarget section */

/* Begin PBXProject section */
		D00BE9002E846EC30051319C /* Project object */ = {
			isa = PBXProject;
			attributes = {
				BuildIndependentTargetsInParallel = 1;
				LastSwiftUpdateCheck = 1640;
				LastUpgradeCheck = 1640;
				TargetAttributes = {
					D00BE9072E846EC30051319C = {
						CreatedOnToolsVersion = 16.4;
					};
					D00BE9142E846EC40051319C = {
						CreatedOnToolsVersion = 16.4;
						TestTargetID = D00BE9072E846EC30051319C;
					};
					D00BE91E2E846EC40051319C = {
						CreatedOnToolsVersion = 16.4;
						TestTargetID = D00BE9072E846EC30051319C;
					};
				};
			};
			buildConfigurationList = D00BE9032E846EC30051319C /* Build configuration list for PBXProject "IndoorSense" */;
			developmentRegion = en;
			hasScannedForEncodings = 0;
			knownRegions = (
				en,
				Base,
			);
			mainGroup = D00BE8FF2E846EC30051319C;
			minimizedProjectReferenceProxies = 1;
			preferredProjectObjectVersion = 77;
			productRefGroup = D00BE9092E846EC30051319C /* Products */;
			projectDirPath = "";
			projectRoot = "";
			targets = (
				D00BE9072E846EC30051319C /* IndoorSense */,
				D00BE9142E846EC40051319C /* IndoorSenseTests */,
				D00BE91E2E846EC40051319C /* IndoorSenseUITests */,
			);
		};
/* End PBXProject section */

/* Begin PBXResourcesBuildPhase section */
		D00BE9062E846EC30051319C /* Resources */ = {
			isa = PBXResourcesBuildPhase;
			buildActionMask = 2147483647;
			files = (
			);
			runOnlyForDeploymentPostprocessing = 0;
		};
		D00BE9132E846EC40051319C /* Resources */ = {
			isa = PBXResourcesBuildPhase;
			buildActionMask = 2147483647;
			files = (
			);
			runOnlyForDeploymentPostprocessing = 0;
		};
		D00BE91D2E846EC40051319C /* Resources */ = {
			isa = PBXResourcesBuildPhase;
			buildActionMask = 2147483647;
			files = (
			);
			runOnlyForDeploymentPostprocessing = 0;
		};
/* End PBXResourcesBuildPhase section */

/* Begin PBXSourcesBuildPhase section */
		D00BE9042E846EC30051319C /* Sources */ = {
			isa = PBXSourcesBuildPhase;
			buildActionMask = 2147483647;
			files = (
			);
			runOnlyForDeploymentPostprocessing = 0;
		};
		D00BE9112E846EC40051319C /* Sources */ = {
			isa = PBXSourcesBuildPhase;
			buildActionMask = 2147483647;
			files = (
			);
			runOnlyForDeploymentPostprocessing = 0;
		};
		D00BE91B2E846EC40051319C /* Sources */ = {
			isa = PBXSourcesBuildPhase;
			buildActionMask = 2147483647;
			files = (
			);
			runOnlyForDeploymentPostprocessing = 0;
		};
/* End PBXSourcesBuildPhase section */

/* Begin PBXTargetDependency section */
		D00BE9172E846EC40051319C /* PBXTargetDependency */ = {
			isa = PBXTargetDependency;
			target = D00BE9072E846EC30051319C /* IndoorSense */;
			targetProxy = D00BE9162E846EC40051319C /* PBXContainerItemProxy */;
		};
		D00BE9212E846EC40051319C /* PBXTargetDependency */ = {
			isa = PBXTargetDependency;
			target = D00BE9072E846EC30051319C /* IndoorSense */;
			targetProxy = D00BE9202E846EC40051319C /* PBXContainerItemProxy */;
		};
/* End PBXTargetDependency section */

/* Begin XCBuildConfiguration section */
		D00BE9272E846EC40051319C /* Debug */ = {
			isa = XCBuildConfiguration;
			buildSettings = {
				ALWAYS_SEARCH_USER_PATHS = NO;
				ASSETCATALOG_COMPILER_GENERATE_SWIFT_ASSET_SYMBOL_EXTENSIONS = YES;
				CLANG_ANALYZER_NONNULL = YES;
				CLANG_ANALYZER_NUMBER_OBJECT_CONVERSION = YES_AGGRESSIVE;
				CLANG_CXX_LANGUAGE_STANDARD = "gnu++20";
				CLANG_ENABLE_MODULES = YES;
				CLANG_ENABLE_OBJC_ARC = YES;
				CLANG_ENABLE_OBJC_WEAK = YES;
				CLANG_WARN_BLOCK_CAPTURE_AUTORELEASING = YES;
				CLANG_WARN_BOOL_CONVERSION = YES;
				CLANG_WARN_COMMA = YES;
				CLANG_WARN_CONSTANT_CONVERSION = YES;
				CLANG_WARN_DEPRECATED_OBJC_IMPLEMENTATIONS = YES;
				CLANG_WARN_DIRECT_OBJC_ISA_USAGE = YES_ERROR;
				CLANG_WARN_DOCUMENTATION_COMMENTS = YES;
				CLANG_WARN_EMPTY_BODY = YES;
				CLANG_WARN_ENUM_CONVERSION = YES;
				CLANG_WARN_INFINITE_RECURSION = YES;
				CLANG_WARN_INT_CONVERSION = YES;
				CLANG_WARN_NON_LITERAL_NULL_CONVERSION = YES;
				CLANG_WARN_OBJC_IMPLICIT_RETAIN_SELF = YES;
				CLANG_WARN_OBJC_LITERAL_CONVERSION = YES;
				CLANG_WARN_OBJC_ROOT_CLASS = YES_ERROR;
				CLANG_WARN_QUOTED_INCLUDE_IN_FRAMEWORK_HEADER = YES;
				CLANG_WARN_RANGE_LOOP_ANALYSIS = YES;
				CLANG_WARN_STRICT_PROTOTYPES = YES;
				CLANG_WARN_SUSPICIOUS_MOVE = YES;
				CLANG_WARN_UNGUARDED_AVAILABILITY = YES_AGGRESSIVE;
				CLANG_WARN_UNREACHABLE_CODE = YES;
				CLANG_WARN__DUPLICATE_METHOD_MATCH = YES;
				COPY_PHASE_STRIP = NO;
				DEBUG_INFORMATION_FORMAT = dwarf;
				DEVELOPMENT_TEAM = 7PBXP3GSMY;
				ENABLE_STRICT_OBJC_MSGSEND = YES;
				ENABLE_TESTABILITY = YES;
				ENABLE_USER_SCRIPT_SANDBOXING = YES;
				GCC_C_LANGUAGE_STANDARD = gnu17;
				GCC_DYNAMIC_NO_PIC = NO;
				GCC_NO_COMMON_BLOCKS = YES;
				GCC_OPTIMIZATION_LEVEL = 0;
				GCC_PREPROCESSOR_DEFINITIONS = (
					"DEBUG=1",
					"$(inherited)",
				);
				GCC_WARN_64_TO_32_BIT_CONVERSION = YES;
				GCC_WARN_ABOUT_RETURN_TYPE = YES_ERROR;
				GCC_WARN_UNDECLARED_SELECTOR = YES;
				GCC_WARN_UNINITIALIZED_AUTOS = YES_AGGRESSIVE;
				GCC_WARN_UNUSED_FUNCTION = YES;
				GCC_WARN_UNUSED_VARIABLE = YES;
				IPHONEOS_DEPLOYMENT_TARGET = 18.5;
				LOCALIZATION_PREFERS_STRING_CATALOGS = YES;
				MTL_ENABLE_DEBUG_INFO = INCLUDE_SOURCE;
				MTL_FAST_MATH = YES;
				ONLY_ACTIVE_ARCH = YES;
				SDKROOT = iphoneos;
				SWIFT_ACTIVE_COMPILATION_CONDITIONS = "DEBUG $(inherited)";
				SWIFT_OPTIMIZATION_LEVEL = "-Onone";
			};
			name = Debug;
		};
		D00BE9282E846EC40051319C /* Release */ = {
			isa = XCBuildConfiguration;
			buildSettings = {
				ALWAYS_SEARCH_USER_PATHS = NO;
				ASSETCATALOG_COMPILER_GENERATE_SWIFT_ASSET_SYMBOL_EXTENSIONS = YES;
				CLANG_ANALYZER_NONNULL = YES;
				CLANG_ANALYZER_NUMBER_OBJECT_CONVERSION = YES_AGGRESSIVE;
				CLANG_CXX_LANGUAGE_STANDARD = "gnu++20";
				CLANG_ENABLE_MODULES = YES;
				CLANG_ENABLE_OBJC_ARC = YES;
				CLANG_ENABLE_OBJC_WEAK = YES;
				CLANG_WARN_BLOCK_CAPTURE_AUTORELEASING = YES;
				CLANG_WARN_BOOL_CONVERSION = YES;
				CLANG_WARN_COMMA = YES;
				CLANG_WARN_CONSTANT_CONVERSION = YES;
				CLANG_WARN_DEPRECATED_OBJC_IMPLEMENTATIONS = YES;
				CLANG_WARN_DIRECT_OBJC_ISA_USAGE = YES_ERROR;
				CLANG_WARN_DOCUMENTATION_COMMENTS = YES;
				CLANG_WARN_EMPTY_BODY = YES;
				CLANG_WARN_ENUM_CONVERSION = YES;
				CLANG_WARN_INFINITE_RECURSION = YES;
				CLANG_WARN_INT_CONVERSION = YES;
				CLANG_WARN_NON_LITERAL_NULL_CONVERSION = YES;
				CLANG_WARN_OBJC_IMPLICIT_RETAIN_SELF = YES;
				CLANG_WARN_OBJC_LITERAL_CONVERSION = YES;
				CLANG_WARN_OBJC_ROOT_CLASS = YES_ERROR;
				CLANG_WARN_QUOTED_INCLUDE_IN_FRAMEWORK_HEADER = YES;
				CLANG_WARN_RANGE_LOOP_ANALYSIS = YES;
				CLANG_WARN_STRICT_PROTOTYPES = YES;
				CLANG_WARN_SUSPICIOUS_MOVE = YES;
				CLANG_WARN_UNGUARDED_AVAILABILITY = YES_AGGRESSIVE;
				CLANG_WARN_UNREACHABLE_CODE = YES;
				CLANG_WARN__DUPLICATE_METHOD_MATCH = YES;
				COPY_PHASE_STRIP = NO;
				DEBUG_INFORMATION_FORMAT = "dwarf-with-dsym";
				DEVELOPMENT_TEAM = 7PBXP3GSMY;
				ENABLE_NS_ASSERTIONS = NO;
				ENABLE_STRICT_OBJC_MSGSEND = YES;
				ENABLE_USER_SCRIPT_SANDBOXING = YES;
				GCC_C_LANGUAGE_STANDARD = gnu17;
				GCC_NO_COMMON_BLOCKS = YES;
				GCC_WARN_64_TO_32_BIT_CONVERSION = YES;
				GCC_WARN_ABOUT_RETURN_TYPE = YES_ERROR;
				GCC_WARN_UNDECLARED_SELECTOR = YES;
				GCC_WARN_UNINITIALIZED_AUTOS = YES_AGGRESSIVE;
				GCC_WARN_UNUSED_FUNCTION = YES;
				GCC_WARN_UNUSED_VARIABLE = YES;
				IPHONEOS_DEPLOYMENT_TARGET = 18.5;
				LOCALIZATION_PREFERS_STRING_CATALOGS = YES;
				MTL_ENABLE_DEBUG_INFO = NO;
				MTL_FAST_MATH = YES;
				SDKROOT = iphoneos;
				SWIFT_COMPILATION_MODE = wholemodule;
				VALIDATE_PRODUCT = YES;
			};
			name = Release;
		};
		D00BE92A2E846EC40051319C /* Debug */ = {
			isa = XCBuildConfiguration;
			buildSettings = {
				ASSETCATALOG_COMPILER_APPICON_NAME = AppIcon;
				ASSETCATALOG_COMPILER_GLOBAL_ACCENT_COLOR_NAME = AccentColor;
				CODE_SIGN_STYLE = Automatic;
				CURRENT_PROJECT_VERSION = 1;
				DEVELOPMENT_TEAM = 7PBXP3GSMY;
				ENABLE_PREVIEWS = YES;
				GENERATE_INFOPLIST_FILE = YES;
				INFOPLIST_KEY_UIApplicationSceneManifest_Generation = YES;
				INFOPLIST_KEY_UIApplicationSupportsIndirectInputEvents = YES;
				INFOPLIST_KEY_UILaunchScreen_Generation = YES;
				INFOPLIST_KEY_UISupportedInterfaceOrientations_iPad = "UIInterfaceOrientationPortrait UIInterfaceOrientationPortraitUpsideDown UIInterfaceOrientationLandscapeLeft UIInterfaceOrientationLandscapeRight";
				INFOPLIST_KEY_UISupportedInterfaceOrientations_iPhone = "UIInterfaceOrientationPortrait UIInterfaceOrientationLandscapeLeft UIInterfaceOrientationLandscapeRight";
				IPHONEOS_DEPLOYMENT_TARGET = 17.6;
				LD_RUNPATH_SEARCH_PATHS = (
					"$(inherited)",
					"@executable_path/Frameworks",
				);
				MARKETING_VERSION = 1.0;
				PRODUCT_BUNDLE_IDENTIFIER = testorg.IndoorSense;
				PRODUCT_NAME = "$(TARGET_NAME)";
				SWIFT_EMIT_LOC_STRINGS = YES;
				SWIFT_VERSION = 5.0;
				TARGETED_DEVICE_FAMILY = "1,2";
			};
			name = Debug;
		};
		D00BE92B2E846EC40051319C /* Release */ = {
			isa = XCBuildConfiguration;
			buildSettings = {
				ASSETCATALOG_COMPILER_APPICON_NAME = AppIcon;
				ASSETCATALOG_COMPILER_GLOBAL_ACCENT_COLOR_NAME = AccentColor;
				CODE_SIGN_STYLE = Automatic;
				CURRENT_PROJECT_VERSION = 1;
				DEVELOPMENT_TEAM = 7PBXP3GSMY;
				ENABLE_PREVIEWS = YES;
				GENERATE_INFOPLIST_FILE = YES;
				INFOPLIST_KEY_UIApplicationSceneManifest_Generation = YES;
				INFOPLIST_KEY_UIApplicationSupportsIndirectInputEvents = YES;
				INFOPLIST_KEY_UILaunchScreen_Generation = YES;
				INFOPLIST_KEY_UISupportedInterfaceOrientations_iPad = "UIInterfaceOrientationPortrait UIInterfaceOrientationPortraitUpsideDown UIInterfaceOrientationLandscapeLeft UIInterfaceOrientationLandscapeRight";
				INFOPLIST_KEY_UISupportedInterfaceOrientations_iPhone = "UIInterfaceOrientationPortrait UIInterfaceOrientationLandscapeLeft UIInterfaceOrientationLandscapeRight";
				IPHONEOS_DEPLOYMENT_TARGET = 17.6;
				LD_RUNPATH_SEARCH_PATHS = (
					"$(inherited)",
					"@executable_path/Frameworks",
				);
				MARKETING_VERSION = 1.0;
				PRODUCT_BUNDLE_IDENTIFIER = testorg.IndoorSense;
				PRODUCT_NAME = "$(TARGET_NAME)";
				SWIFT_EMIT_LOC_STRINGS = YES;
				SWIFT_VERSION = 5.0;
				TARGETED_DEVICE_FAMILY = "1,2";
			};
			name = Release;
		};
		D00BE92D2E846EC40051319C /* Debug */ = {
			isa = XCBuildConfiguration;
			buildSettings = {
				BUNDLE_LOADER = "$(TEST_HOST)";
				CODE_SIGN_STYLE = Automatic;
				CURRENT_PROJECT_VERSION = 1;
				DEVELOPMENT_TEAM = 7PBXP3GSMY;
				GENERATE_INFOPLIST_FILE = YES;
				IPHONEOS_DEPLOYMENT_TARGET = 18.5;
				MARKETING_VERSION = 1.0;
				PRODUCT_BUNDLE_IDENTIFIER = testorg.IndoorSenseTests;
				PRODUCT_NAME = "$(TARGET_NAME)";
				SWIFT_EMIT_LOC_STRINGS = NO;
				SWIFT_VERSION = 5.0;
				TARGETED_DEVICE_FAMILY = "1,2";
				TEST_HOST = "$(BUILT_PRODUCTS_DIR)/IndoorSense.app/$(BUNDLE_EXECUTABLE_FOLDER_PATH)/IndoorSense";
			};
			name = Debug;
		};
		D00BE92E2E846EC40051319C /* Release */ = {
			isa = XCBuildConfiguration;
			buildSettings = {
				BUNDLE_LOADER = "$(TEST_HOST)";
				CODE_SIGN_STYLE = Automatic;
				CURRENT_PROJECT_VERSION = 1;
				DEVELOPMENT_TEAM = 7PBXP3GSMY;
				GENERATE_INFOPLIST_FILE = YES;
				IPHONEOS_DEPLOYMENT_TARGET = 18.5;
				MARKETING_VERSION = 1.0;
				PRODUCT_BUNDLE_IDENTIFIER = testorg.IndoorSenseTests;
				PRODUCT_NAME = "$(TARGET_NAME)";
				SWIFT_EMIT_LOC_STRINGS = NO;
				SWIFT_VERSION = 5.0;
				TARGETED_DEVICE_FAMILY = "1,2";
				TEST_HOST = "$(BUILT_PRODUCTS_DIR)/IndoorSense.app/$(BUNDLE_EXECUTABLE_FOLDER_PATH)/IndoorSense";
			};
			name = Release;
		};
		D00BE9302E846EC40051319C /* Debug */ = {
			isa = XCBuildConfiguration;
			buildSettings = {
				CODE_SIGN_STYLE = Automatic;
				CURRENT_PROJECT_VERSION = 1;
				DEVELOPMENT_TEAM = 7PBXP3GSMY;
				GENERATE_INFOPLIST_FILE = YES;
				MARKETING_VERSION = 1.0;
				PRODUCT_BUNDLE_IDENTIFIER = testorg.IndoorSenseUITests;
				PRODUCT_NAME = "$(TARGET_NAME)";
				SWIFT_EMIT_LOC_STRINGS = NO;
				SWIFT_VERSION = 5.0;
				TARGETED_DEVICE_FAMILY = "1,2";
				TEST_TARGET_NAME = IndoorSense;
			};
			name = Debug;
		};
		D00BE9312E846EC40051319C /* Release */ = {
			isa = XCBuildConfiguration;
			buildSettings = {
				CODE_SIGN_STYLE = Automatic;
				CURRENT_PROJECT_VERSION = 1;
				DEVELOPMENT_TEAM = 7PBXP3GSMY;
				GENERATE_INFOPLIST_FILE = YES;
				MARKETING_VERSION = 1.0;
				PRODUCT_BUNDLE_IDENTIFIER = testorg.IndoorSenseUITests;
				PRODUCT_NAME = "$(TARGET_NAME)";
				SWIFT_EMIT_LOC_STRINGS = NO;
				SWIFT_VERSION = 5.0;
				TARGETED_DEVICE_FAMILY = "1,2";
				TEST_TARGET_NAME = IndoorSense;
			};
			name = Release;
		};
/* End XCBuildConfiguration section */

/* Begin XCConfigurationList section */
		D00BE9032E846EC30051319C /* Build configuration list for PBXProject "IndoorSense" */ = {
			isa = XCConfigurationList;
			buildConfigurations = (
				D00BE9272E846EC40051319C /* Debug */,
				D00BE9282E846EC40051319C /* Release */,
			);
			defaultConfigurationIsVisible = 0;
			defaultConfigurationName = Release;
		};
		D00BE9292E846EC40051319C /* Build configuration list for PBXNativeTarget "IndoorSense" */ = {
			isa = XCConfigurationList;
			buildConfigurations = (
				D00BE92A2E846EC40051319C /* Debug */,
				D00BE92B2E846EC40051319C /* Release */,
			);
			defaultConfigurationIsVisible = 0;
			defaultConfigurationName = Release;
		};
		D00BE92C2E846EC40051319C /* Build configuration list for PBXNativeTarget "IndoorSenseTests" */ = {
			isa = XCConfigurationList;
			buildConfigurations = (
				D00BE92D2E846EC40051319C /* Debug */,
				D00BE92E2E846EC40051319C /* Release */,
			);
			defaultConfigurationIsVisible = 0;
			defaultConfigurationName = Release;
		};
		D00BE92F2E846EC40051319C /* Build configuration list for PBXNativeTarget "IndoorSenseUITests" */ = {
			isa = XCConfigurationList;
			buildConfigurations = (
				D00BE9302E846EC40051319C /* Debug */,
				D00BE9312E846EC40051319C /* Release */,
			);
			defaultConfigurationIsVisible = 0;
			defaultConfigurationName = Release;
		};
/* End XCConfigurationList section */
	};
	rootObject = D00BE9002E846EC30051319C /* Project object */;
}
